
Microsoft Visual Studio Solution File, Format Version 12.00
# Visual Studio Version 16
VisualStudioVersion = 16.0.30804.86
MinimumVisualStudioVersion = 10.0.40219.1
Project("{FAE04EC0-301F-11D3-BF4B-00C04F79EFBC}") = "MvcExample", "MvcExample.csproj", "{A58BD002-3E0C-41BC-9B65-0901FD9F5F3D}"
EndProject
Global
	GlobalSection(SolutionConfigurationPlatforms) = preSolution
		Debug|Any CPU = Debug|Any CPU
		Release|Any CPU = Release|Any CPU
	EndGlobalSection
	GlobalSection(ProjectConfigurationPlatforms) = postSolution
		{A58BD002-3E0C-41BC-9B65-0901FD9F5F3D}.Debug|Any CPU.ActiveCfg = Debug|Any CPU
		{A58BD002-3E0C-41BC-9B65-0901FD9F5F3D}.Debug|Any CPU.Build.0 = Debug|Any CPU
		{A58BD002-3E0C-41BC-9B65-0901FD9F5F3D}.Release|Any CPU.ActiveCfg = Release|Any CPU
		{A58BD002-3E0C-41BC-9B65-0901FD9F5F3D}.Release|Any CPU.Build.0 = Release|Any CPU
	EndGlobalSection
	GlobalSection(SolutionProperties) = preSolution
		HideSolutionNode = FALSE
	EndGlobalSection
	GlobalSection(ExtensibilityGlobals) = postSolution
		SolutionGuid = {C8B3F871-E75A-4DCB-88FD-57186EAC658A}
	EndGlobalSection
EndGlobal
